
Microsoft Visual Studio Solution File, Format Version 12.00
# Visual Studio Version 16
VisualStudioVersion = 16.0.32126.315
MinimumVisualStudioVersion = 10.0.40219.1
Project("{FAE04EC0-301F-11D3-BF4B-00C04F79EFBC}") = "com.farmcentral.be", "com.farmcentral.be\com.farmcentral.be.csproj", "{BD2F19DB-62FC-4BD9-A590-14A014082622}"
EndProject
Global
	GlobalSection(SolutionConfigurationPlatforms) = preSolution
		Debug|Any CPU = Debug|Any CPU
		Release|Any CPU = Release|Any CPU
	EndGlobalSection
	GlobalSection(ProjectConfigurationPlatforms) = postSolution
		{BD2F19DB-62FC-4BD9-A590-14A014082622}.Debug|Any CPU.ActiveCfg = Debug|Any CPU
		{BD2F19DB-62FC-4BD9-A590-14A014082622}.Debug|Any CPU.Build.0 = Debug|Any CPU
		{BD2F19DB-62FC-4BD9-A590-14A014082622}.Release|Any CPU.ActiveCfg = Release|Any CPU
		{BD2F19DB-62FC-4BD9-A590-14A014082622}.Release|Any CPU.Build.0 = Release|Any CPU
	EndGlobalSection
	GlobalSection(SolutionProperties) = preSolution
		HideSolutionNode = FALSE
	EndGlobalSection
	GlobalSection(ExtensibilityGlobals) = postSolution
		SolutionGuid = {DDE2C3AB-20AD-4F3C-9A37-1F8D95F50B4F}
	EndGlobalSection
EndGlobal
